// !$*UTF8*$!
{
	archiveVersion = 1;
	classes = {
	};
	objectVersion = 51;
	objects = {

/* Begin PBXBuildFile section */
		0D215611FA3FECAFE3D05F7E /* Pods_YumYumTests.framework in Frameworks */ = {isa = PBXBuildFile; fileRef = E2A1846397C799A0A93C3DE2 /* Pods_YumYumTests.framework */; };
		4047485222E5F8C70056B1F1 /* IngredientsObject.swift in Sources */ = {isa = PBXBuildFile; fileRef = 4047485022E5E3CA0056B1F1 /* IngredientsObject.swift */; };
		8102C49B22C4D80E0043EE66 /* AppDelegate.swift in Sources */ = {isa = PBXBuildFile; fileRef = 8102C49A22C4D80E0043EE66 /* AppDelegate.swift */; };
		8102C49D22C4D80E0043EE66 /* SceneDelegate.swift in Sources */ = {isa = PBXBuildFile; fileRef = 8102C49C22C4D80E0043EE66 /* SceneDelegate.swift */; };
		8102C49F22C4D80E0043EE66 /* ContentView.swift in Sources */ = {isa = PBXBuildFile; fileRef = 8102C49E22C4D80E0043EE66 /* ContentView.swift */; };
		8102C4A122C4D8110043EE66 /* Assets.xcassets in Resources */ = {isa = PBXBuildFile; fileRef = 8102C4A022C4D8110043EE66 /* Assets.xcassets */; };
		8102C4A422C4D8110043EE66 /* Preview Assets.xcassets in Resources */ = {isa = PBXBuildFile; fileRef = 8102C4A322C4D8110043EE66 /* Preview Assets.xcassets */; };
		8102C4A722C4D8110043EE66 /* LaunchScreen.storyboard in Resources */ = {isa = PBXBuildFile; fileRef = 8102C4A522C4D8110043EE66 /* LaunchScreen.storyboard */; };
		8102C4B222C4D8110043EE66 /* YumYumTests.swift in Sources */ = {isa = PBXBuildFile; fileRef = 8102C4B122C4D8110043EE66 /* YumYumTests.swift */; };
		8102C4BD22C4D8110043EE66 /* YumYumUITests.swift in Sources */ = {isa = PBXBuildFile; fileRef = 8102C4BC22C4D8110043EE66 /* YumYumUITests.swift */; };
		8102C4CC22C4DAEF0043EE66 /* DetailMealView.swift in Sources */ = {isa = PBXBuildFile; fileRef = 8102C4CB22C4DAEF0043EE66 /* DetailMealView.swift */; };
		8102C4CF22C4E29C0043EE66 /* Meal.swift in Sources */ = {isa = PBXBuildFile; fileRef = 8102C4CE22C4E29C0043EE66 /* Meal.swift */; };
		8102C4D122C4E4A90043EE66 /* Ingredient.swift in Sources */ = {isa = PBXBuildFile; fileRef = 8102C4D022C4E4A80043EE66 /* Ingredient.swift */; };
		8102C4D422C535DB0043EE66 /* UserDefaultValue.swift in Sources */ = {isa = PBXBuildFile; fileRef = 8102C4D322C535DB0043EE66 /* UserDefaultValue.swift */; };
		8102C4D722C5361A0043EE66 /* MealObject.swift in Sources */ = {isa = PBXBuildFile; fileRef = 8102C4D622C5361A0043EE66 /* MealObject.swift */; };
		C706E726CA2F821450429D38 /* Pods_YumYumUITests.framework in Frameworks */ = {isa = PBXBuildFile; fileRef = 9BB481EDAA0639E244E4C7D0 /* Pods_YumYumUITests.framework */; };
		CBFA191CFC4CC73105589100 /* Pods_YumYum.framework in Frameworks */ = {isa = PBXBuildFile; fileRef = 10A252C9C8FC24FDEDEA4FAD /* Pods_YumYum.framework */; };
/* End PBXBuildFile section */

/* Begin PBXContainerItemProxy section */
		8102C4AE22C4D8110043EE66 /* PBXContainerItemProxy */ = {
			isa = PBXContainerItemProxy;
			containerPortal = 8102C48F22C4D80E0043EE66 /* Project object */;
			proxyType = 1;
			remoteGlobalIDString = 8102C49622C4D80E0043EE66;
			remoteInfo = YumYum;
		};
		8102C4B922C4D8110043EE66 /* PBXContainerItemProxy */ = {
			isa = PBXContainerItemProxy;
			containerPortal = 8102C48F22C4D80E0043EE66 /* Project object */;
			proxyType = 1;
			remoteGlobalIDString = 8102C49622C4D80E0043EE66;
			remoteInfo = YumYum;
		};
/* End PBXContainerItemProxy section */

/* Begin PBXFileReference section */
		10A252C9C8FC24FDEDEA4FAD /* Pods_YumYum.framework */ = {isa = PBXFileReference; explicitFileType = wrapper.framework; includeInIndex = 0; path = Pods_YumYum.framework; sourceTree = BUILT_PRODUCTS_DIR; };
		12ADC4EE96C5696856ED2221 /* Pods-YumYumUITests.debug.xcconfig */ = {isa = PBXFileReference; includeInIndex = 1; lastKnownFileType = text.xcconfig; name = "Pods-YumYumUITests.debug.xcconfig"; path = "Target Support Files/Pods-YumYumUITests/Pods-YumYumUITests.debug.xcconfig"; sourceTree = "<group>"; };
		4047485022E5E3CA0056B1F1 /* IngredientsObject.swift */ = {isa = PBXFileReference; lastKnownFileType = sourcecode.swift; path = IngredientsObject.swift; sourceTree = "<group>"; };
		5F34AAD56C33E131E83B9524 /* Pods-YumYumTests.debug.xcconfig */ = {isa = PBXFileReference; includeInIndex = 1; lastKnownFileType = text.xcconfig; name = "Pods-YumYumTests.debug.xcconfig"; path = "Target Support Files/Pods-YumYumTests/Pods-YumYumTests.debug.xcconfig"; sourceTree = "<group>"; };
		6C38D483CD95FCEBDC1F27A5 /* Pods-YumYum.release.xcconfig */ = {isa = PBXFileReference; includeInIndex = 1; lastKnownFileType = text.xcconfig; name = "Pods-YumYum.release.xcconfig"; path = "Target Support Files/Pods-YumYum/Pods-YumYum.release.xcconfig"; sourceTree = "<group>"; };
		8102C49722C4D80E0043EE66 /* YumYum.app */ = {isa = PBXFileReference; explicitFileType = wrapper.application; includeInIndex = 0; path = YumYum.app; sourceTree = BUILT_PRODUCTS_DIR; };
		8102C49A22C4D80E0043EE66 /* AppDelegate.swift */ = {isa = PBXFileReference; lastKnownFileType = sourcecode.swift; path = AppDelegate.swift; sourceTree = "<group>"; };
		8102C49C22C4D80E0043EE66 /* SceneDelegate.swift */ = {isa = PBXFileReference; lastKnownFileType = sourcecode.swift; path = SceneDelegate.swift; sourceTree = "<group>"; };
		8102C49E22C4D80E0043EE66 /* ContentView.swift */ = {isa = PBXFileReference; lastKnownFileType = sourcecode.swift; path = ContentView.swift; sourceTree = "<group>"; };
		8102C4A022C4D8110043EE66 /* Assets.xcassets */ = {isa = PBXFileReference; lastKnownFileType = folder.assetcatalog; path = Assets.xcassets; sourceTree = "<group>"; };
		8102C4A322C4D8110043EE66 /* Preview Assets.xcassets */ = {isa = PBXFileReference; lastKnownFileType = folder.assetcatalog; path = "Preview Assets.xcassets"; sourceTree = "<group>"; };
		8102C4A622C4D8110043EE66 /* Base */ = {isa = PBXFileReference; lastKnownFileType = file.storyboard; name = Base; path = Base.lproj/LaunchScreen.storyboard; sourceTree = "<group>"; };
		8102C4A822C4D8110043EE66 /* Info.plist */ = {isa = PBXFileReference; lastKnownFileType = text.plist.xml; path = Info.plist; sourceTree = "<group>"; };
		8102C4AD22C4D8110043EE66 /* YumYumTests.xctest */ = {isa = PBXFileReference; explicitFileType = wrapper.cfbundle; includeInIndex = 0; path = YumYumTests.xctest; sourceTree = BUILT_PRODUCTS_DIR; };
		8102C4B122C4D8110043EE66 /* YumYumTests.swift */ = {isa = PBXFileReference; lastKnownFileType = sourcecode.swift; path = YumYumTests.swift; sourceTree = "<group>"; };
		8102C4B322C4D8110043EE66 /* Info.plist */ = {isa = PBXFileReference; lastKnownFileType = text.plist.xml; path = Info.plist; sourceTree = "<group>"; };
		8102C4B822C4D8110043EE66 /* YumYumUITests.xctest */ = {isa = PBXFileReference; explicitFileType = wrapper.cfbundle; includeInIndex = 0; path = YumYumUITests.xctest; sourceTree = BUILT_PRODUCTS_DIR; };
		8102C4BC22C4D8110043EE66 /* YumYumUITests.swift */ = {isa = PBXFileReference; lastKnownFileType = sourcecode.swift; path = YumYumUITests.swift; sourceTree = "<group>"; };
		8102C4BE22C4D8110043EE66 /* Info.plist */ = {isa = PBXFileReference; lastKnownFileType = text.plist.xml; path = Info.plist; sourceTree = "<group>"; };
		8102C4CB22C4DAEF0043EE66 /* DetailMealView.swift */ = {isa = PBXFileReference; lastKnownFileType = sourcecode.swift; path = DetailMealView.swift; sourceTree = "<group>"; };
		8102C4CE22C4E29C0043EE66 /* Meal.swift */ = {isa = PBXFileReference; lastKnownFileType = sourcecode.swift; path = Meal.swift; sourceTree = "<group>"; };
		8102C4D022C4E4A80043EE66 /* Ingredient.swift */ = {isa = PBXFileReference; lastKnownFileType = sourcecode.swift; path = Ingredient.swift; sourceTree = "<group>"; };
		8102C4D322C535DB0043EE66 /* UserDefaultValue.swift */ = {isa = PBXFileReference; lastKnownFileType = sourcecode.swift; path = UserDefaultValue.swift; sourceTree = "<group>"; };
		8102C4D622C5361A0043EE66 /* MealObject.swift */ = {isa = PBXFileReference; lastKnownFileType = sourcecode.swift; path = MealObject.swift; sourceTree = "<group>"; };
		9BB481EDAA0639E244E4C7D0 /* Pods_YumYumUITests.framework */ = {isa = PBXFileReference; explicitFileType = wrapper.framework; includeInIndex = 0; path = Pods_YumYumUITests.framework; sourceTree = BUILT_PRODUCTS_DIR; };
		DC8D48C96D1DE59EFE845505 /* Pods-YumYumUITests.release.xcconfig */ = {isa = PBXFileReference; includeInIndex = 1; lastKnownFileType = text.xcconfig; name = "Pods-YumYumUITests.release.xcconfig"; path = "Target Support Files/Pods-YumYumUITests/Pods-YumYumUITests.release.xcconfig"; sourceTree = "<group>"; };
		E2A1846397C799A0A93C3DE2 /* Pods_YumYumTests.framework */ = {isa = PBXFileReference; explicitFileType = wrapper.framework; includeInIndex = 0; path = Pods_YumYumTests.framework; sourceTree = BUILT_PRODUCTS_DIR; };
		EC476E85B53CF7FDC38A59E0 /* Pods-YumYumTests.release.xcconfig */ = {isa = PBXFileReference; includeInIndex = 1; lastKnownFileType = text.xcconfig; name = "Pods-YumYumTests.release.xcconfig"; path = "Target Support Files/Pods-YumYumTests/Pods-YumYumTests.release.xcconfig"; sourceTree = "<group>"; };
		FD5212230DBC1429DD7F0759 /* Pods-YumYum.debug.xcconfig */ = {isa = PBXFileReference; includeInIndex = 1; lastKnownFileType = text.xcconfig; name = "Pods-YumYum.debug.xcconfig"; path = "Target Support Files/Pods-YumYum/Pods-YumYum.debug.xcconfig"; sourceTree = "<group>"; };
/* End PBXFileReference section */

/* Begin PBXFrameworksBuildPhase section */
		8102C49422C4D80E0043EE66 /* Frameworks */ = {
			isa = PBXFrameworksBuildPhase;
			buildActionMask = 2147483647;
			files = (
				CBFA191CFC4CC73105589100 /* Pods_YumYum.framework in Frameworks */,
			);
			runOnlyForDeploymentPostprocessing = 0;
		};
		8102C4AA22C4D8110043EE66 /* Frameworks */ = {
			isa = PBXFrameworksBuildPhase;
			buildActionMask = 2147483647;
			files = (
				0D215611FA3FECAFE3D05F7E /* Pods_YumYumTests.framework in Frameworks */,
			);
			runOnlyForDeploymentPostprocessing = 0;
		};
		8102C4B522C4D8110043EE66 /* Frameworks */ = {
			isa = PBXFrameworksBuildPhase;
			buildActionMask = 2147483647;
			files = (
				C706E726CA2F821450429D38 /* Pods_YumYumUITests.framework in Frameworks */,
			);
			runOnlyForDeploymentPostprocessing = 0;
		};
/* End PBXFrameworksBuildPhase section */

/* Begin PBXGroup section */
		8102C48E22C4D80E0043EE66 = {
			isa = PBXGroup;
			children = (
				8102C49922C4D80E0043EE66 /* YumYum */,
				8102C4B022C4D8110043EE66 /* YumYumTests */,
				8102C4BB22C4D8110043EE66 /* YumYumUITests */,
				8102C49822C4D80E0043EE66 /* Products */,
				AD06DE6A3CFA08A6492ACB22 /* Pods */,
				906CD19D0AB47B4AFD3DB65F /* Frameworks */,
			);
			sourceTree = "<group>";
		};
		8102C49822C4D80E0043EE66 /* Products */ = {
			isa = PBXGroup;
			children = (
				8102C49722C4D80E0043EE66 /* YumYum.app */,
				8102C4AD22C4D8110043EE66 /* YumYumTests.xctest */,
				8102C4B822C4D8110043EE66 /* YumYumUITests.xctest */,
			);
			name = Products;
			sourceTree = "<group>";
		};
		8102C49922C4D80E0043EE66 /* YumYum */ = {
			isa = PBXGroup;
			children = (
				8102C4D522C5360B0043EE66 /* UserData */,
				8102C4D222C535CA0043EE66 /* Util */,
				8102C4CD22C4DF540043EE66 /* Models */,
				8102C4CA22C4DAD70043EE66 /* Views */,
				8102C49A22C4D80E0043EE66 /* AppDelegate.swift */,
				8102C49C22C4D80E0043EE66 /* SceneDelegate.swift */,
				8102C4A022C4D8110043EE66 /* Assets.xcassets */,
				8102C4A522C4D8110043EE66 /* LaunchScreen.storyboard */,
				8102C4A822C4D8110043EE66 /* Info.plist */,
				8102C4A222C4D8110043EE66 /* Preview Content */,
			);
			path = YumYum;
			sourceTree = "<group>";
		};
		8102C4A222C4D8110043EE66 /* Preview Content */ = {
			isa = PBXGroup;
			children = (
				8102C4A322C4D8110043EE66 /* Preview Assets.xcassets */,
			);
			path = "Preview Content";
			sourceTree = "<group>";
		};
		8102C4B022C4D8110043EE66 /* YumYumTests */ = {
			isa = PBXGroup;
			children = (
				8102C4B122C4D8110043EE66 /* YumYumTests.swift */,
				8102C4B322C4D8110043EE66 /* Info.plist */,
			);
			path = YumYumTests;
			sourceTree = "<group>";
		};
		8102C4BB22C4D8110043EE66 /* YumYumUITests */ = {
			isa = PBXGroup;
			children = (
				8102C4BC22C4D8110043EE66 /* YumYumUITests.swift */,
				8102C4BE22C4D8110043EE66 /* Info.plist */,
			);
			path = YumYumUITests;
			sourceTree = "<group>";
		};
		8102C4CA22C4DAD70043EE66 /* Views */ = {
			isa = PBXGroup;
			children = (
				8102C49E22C4D80E0043EE66 /* ContentView.swift */,
				8102C4CB22C4DAEF0043EE66 /* DetailMealView.swift */,
			);
			path = Views;
			sourceTree = "<group>";
		};
		8102C4CD22C4DF540043EE66 /* Models */ = {
			isa = PBXGroup;
			children = (
				8102C4CE22C4E29C0043EE66 /* Meal.swift */,
				8102C4D022C4E4A80043EE66 /* Ingredient.swift */,
			);
			path = Models;
			sourceTree = "<group>";
		};
		8102C4D222C535CA0043EE66 /* Util */ = {
			isa = PBXGroup;
			children = (
				8102C4D322C535DB0043EE66 /* UserDefaultValue.swift */,
			);
			path = Util;
			sourceTree = "<group>";
		};
		8102C4D522C5360B0043EE66 /* UserData */ = {
			isa = PBXGroup;
			children = (
				8102C4D622C5361A0043EE66 /* MealObject.swift */,
				4047485022E5E3CA0056B1F1 /* IngredientsObject.swift */,
			);
			path = UserData;
			sourceTree = "<group>";
		};
		906CD19D0AB47B4AFD3DB65F /* Frameworks */ = {
			isa = PBXGroup;
			children = (
				10A252C9C8FC24FDEDEA4FAD /* Pods_YumYum.framework */,
				E2A1846397C799A0A93C3DE2 /* Pods_YumYumTests.framework */,
				9BB481EDAA0639E244E4C7D0 /* Pods_YumYumUITests.framework */,
			);
			name = Frameworks;
			sourceTree = "<group>";
		};
		AD06DE6A3CFA08A6492ACB22 /* Pods */ = {
			isa = PBXGroup;
			children = (
				FD5212230DBC1429DD7F0759 /* Pods-YumYum.debug.xcconfig */,
				6C38D483CD95FCEBDC1F27A5 /* Pods-YumYum.release.xcconfig */,
				5F34AAD56C33E131E83B9524 /* Pods-YumYumTests.debug.xcconfig */,
				EC476E85B53CF7FDC38A59E0 /* Pods-YumYumTests.release.xcconfig */,
				12ADC4EE96C5696856ED2221 /* Pods-YumYumUITests.debug.xcconfig */,
				DC8D48C96D1DE59EFE845505 /* Pods-YumYumUITests.release.xcconfig */,
			);
			path = Pods;
			sourceTree = "<group>";
		};
/* End PBXGroup section */

/* Begin PBXNativeTarget section */
		8102C49622C4D80E0043EE66 /* YumYum */ = {
			isa = PBXNativeTarget;
			buildConfigurationList = 8102C4C122C4D8110043EE66 /* Build configuration list for PBXNativeTarget "YumYum" */;
			buildPhases = (
				6D312FF71425F0D915B038B1 /* [CP] Check Pods Manifest.lock */,
				8102C49322C4D80E0043EE66 /* Sources */,
				8102C49422C4D80E0043EE66 /* Frameworks */,
				8102C49522C4D80E0043EE66 /* Resources */,
				1A4C04B9A94302E6378F8A5D /* [CP] Embed Pods Frameworks */,
			);
			buildRules = (
			);
			dependencies = (
			);
			name = YumYum;
			productName = YumYum;
			productReference = 8102C49722C4D80E0043EE66 /* YumYum.app */;
			productType = "com.apple.product-type.application";
		};
		8102C4AC22C4D8110043EE66 /* YumYumTests */ = {
			isa = PBXNativeTarget;
			buildConfigurationList = 8102C4C422C4D8110043EE66 /* Build configuration list for PBXNativeTarget "YumYumTests" */;
			buildPhases = (
				9C884E6C93672DE67F8E41CE /* [CP] Check Pods Manifest.lock */,
				8102C4A922C4D8110043EE66 /* Sources */,
				8102C4AA22C4D8110043EE66 /* Frameworks */,
				8102C4AB22C4D8110043EE66 /* Resources */,
			);
			buildRules = (
			);
			dependencies = (
				8102C4AF22C4D8110043EE66 /* PBXTargetDependency */,
			);
			name = YumYumTests;
			productName = YumYumTests;
			productReference = 8102C4AD22C4D8110043EE66 /* YumYumTests.xctest */;
			productType = "com.apple.product-type.bundle.unit-test";
		};
		8102C4B722C4D8110043EE66 /* YumYumUITests */ = {
			isa = PBXNativeTarget;
			buildConfigurationList = 8102C4C722C4D8110043EE66 /* Build configuration list for PBXNativeTarget "YumYumUITests" */;
			buildPhases = (
				A5B614B429FA5E7C09C80C2A /* [CP] Check Pods Manifest.lock */,
				8102C4B422C4D8110043EE66 /* Sources */,
				8102C4B522C4D8110043EE66 /* Frameworks */,
				8102C4B622C4D8110043EE66 /* Resources */,
			);
			buildRules = (
			);
			dependencies = (
				8102C4BA22C4D8110043EE66 /* PBXTargetDependency */,
			);
			name = YumYumUITests;
			productName = YumYumUITests;
			productReference = 8102C4B822C4D8110043EE66 /* YumYumUITests.xctest */;
			productType = "com.apple.product-type.bundle.ui-testing";
		};
/* End PBXNativeTarget section */

/* Begin PBXProject section */
		8102C48F22C4D80E0043EE66 /* Project object */ = {
			isa = PBXProject;
			attributes = {
				LastSwiftUpdateCheck = 1100;
				LastUpgradeCheck = 1100;
				ORGANIZATIONNAME = "Luca Kaufmann";
				TargetAttributes = {
					8102C49622C4D80E0043EE66 = {
						CreatedOnToolsVersion = 11.0;
					};
					8102C4AC22C4D8110043EE66 = {
						CreatedOnToolsVersion = 11.0;
						TestTargetID = 8102C49622C4D80E0043EE66;
					};
					8102C4B722C4D8110043EE66 = {
						CreatedOnToolsVersion = 11.0;
						TestTargetID = 8102C49622C4D80E0043EE66;
					};
				};
			};
			buildConfigurationList = 8102C49222C4D80E0043EE66 /* Build configuration list for PBXProject "YumYum" */;
			compatibilityVersion = "Xcode 9.3";
			developmentRegion = en;
			hasScannedForEncodings = 0;
			knownRegions = (
				en,
				Base,
			);
			mainGroup = 8102C48E22C4D80E0043EE66;
			productRefGroup = 8102C49822C4D80E0043EE66 /* Products */;
			projectDirPath = "";
			projectRoot = "";
			targets = (
				8102C49622C4D80E0043EE66 /* YumYum */,
				8102C4AC22C4D8110043EE66 /* YumYumTests */,
				8102C4B722C4D8110043EE66 /* YumYumUITests */,
			);
		};
/* End PBXProject section */

/* Begin PBXResourcesBuildPhase section */
		8102C49522C4D80E0043EE66 /* Resources */ = {
			isa = PBXResourcesBuildPhase;
			buildActionMask = 2147483647;
			files = (
				8102C4A722C4D8110043EE66 /* LaunchScreen.storyboard in Resources */,
				8102C4A422C4D8110043EE66 /* Preview Assets.xcassets in Resources */,
				8102C4A122C4D8110043EE66 /* Assets.xcassets in Resources */,
			);
			runOnlyForDeploymentPostprocessing = 0;
		};
		8102C4AB22C4D8110043EE66 /* Resources */ = {
			isa = PBXResourcesBuildPhase;
			buildActionMask = 2147483647;
			files = (
			);
			runOnlyForDeploymentPostprocessing = 0;
		};
		8102C4B622C4D8110043EE66 /* Resources */ = {
			isa = PBXResourcesBuildPhase;
			buildActionMask = 2147483647;
			files = (
			);
			runOnlyForDeploymentPostprocessing = 0;
		};
/* End PBXResourcesBuildPhase section */

/* Begin PBXShellScriptBuildPhase section */
		1A4C04B9A94302E6378F8A5D /* [CP] Embed Pods Frameworks */ = {
			isa = PBXShellScriptBuildPhase;
			buildActionMask = 2147483647;
			files = (
			);
			inputFileListPaths = (
				"${PODS_ROOT}/Target Support Files/Pods-YumYum/Pods-YumYum-frameworks-${CONFIGURATION}-input-files.xcfilelist",
			);
			name = "[CP] Embed Pods Frameworks";
			outputFileListPaths = (
				"${PODS_ROOT}/Target Support Files/Pods-YumYum/Pods-YumYum-frameworks-${CONFIGURATION}-output-files.xcfilelist",
			);
			runOnlyForDeploymentPostprocessing = 0;
			shellPath = /bin/sh;
			shellScript = "\"${PODS_ROOT}/Target Support Files/Pods-YumYum/Pods-YumYum-frameworks.sh\"\n";
			showEnvVarsInLog = 0;
		};
		6D312FF71425F0D915B038B1 /* [CP] Check Pods Manifest.lock */ = {
			isa = PBXShellScriptBuildPhase;
			buildActionMask = 2147483647;
			files = (
			);
			inputFileListPaths = (
			);
			inputPaths = (
				"${PODS_PODFILE_DIR_PATH}/Podfile.lock",
				"${PODS_ROOT}/Manifest.lock",
			);
			name = "[CP] Check Pods Manifest.lock";
			outputFileListPaths = (
			);
			outputPaths = (
				"$(DERIVED_FILE_DIR)/Pods-YumYum-checkManifestLockResult.txt",
			);
			runOnlyForDeploymentPostprocessing = 0;
			shellPath = /bin/sh;
			shellScript = "diff \"${PODS_PODFILE_DIR_PATH}/Podfile.lock\" \"${PODS_ROOT}/Manifest.lock\" > /dev/null\nif [ $? != 0 ] ; then\n    # print error to STDERR\n    echo \"error: The sandbox is not in sync with the Podfile.lock. Run 'pod install' or update your CocoaPods installation.\" >&2\n    exit 1\nfi\n# This output is used by Xcode 'outputs' to avoid re-running this script phase.\necho \"SUCCESS\" > \"${SCRIPT_OUTPUT_FILE_0}\"\n";
			showEnvVarsInLog = 0;
		};
		9C884E6C93672DE67F8E41CE /* [CP] Check Pods Manifest.lock */ = {
			isa = PBXShellScriptBuildPhase;
			buildActionMask = 2147483647;
			files = (
			);
			inputFileListPaths = (
			);
			inputPaths = (
				"${PODS_PODFILE_DIR_PATH}/Podfile.lock",
				"${PODS_ROOT}/Manifest.lock",
			);
			name = "[CP] Check Pods Manifest.lock";
			outputFileListPaths = (
			);
			outputPaths = (
				"$(DERIVED_FILE_DIR)/Pods-YumYumTests-checkManifestLockResult.txt",
			);
			runOnlyForDeploymentPostprocessing = 0;
			shellPath = /bin/sh;
			shellScript = "diff \"${PODS_PODFILE_DIR_PATH}/Podfile.lock\" \"${PODS_ROOT}/Manifest.lock\" > /dev/null\nif [ $? != 0 ] ; then\n    # print error to STDERR\n    echo \"error: The sandbox is not in sync with the Podfile.lock. Run 'pod install' or update your CocoaPods installation.\" >&2\n    exit 1\nfi\n# This output is used by Xcode 'outputs' to avoid re-running this script phase.\necho \"SUCCESS\" > \"${SCRIPT_OUTPUT_FILE_0}\"\n";
			showEnvVarsInLog = 0;
		};
		A5B614B429FA5E7C09C80C2A /* [CP] Check Pods Manifest.lock */ = {
			isa = PBXShellScriptBuildPhase;
			buildActionMask = 2147483647;
			files = (
			);
			inputFileListPaths = (
			);
			inputPaths = (
				"${PODS_PODFILE_DIR_PATH}/Podfile.lock",
				"${PODS_ROOT}/Manifest.lock",
			);
			name = "[CP] Check Pods Manifest.lock";
			outputFileListPaths = (
			);
			outputPaths = (
				"$(DERIVED_FILE_DIR)/Pods-YumYumUITests-checkManifestLockResult.txt",
			);
			runOnlyForDeploymentPostprocessing = 0;
			shellPath = /bin/sh;
			shellScript = "diff \"${PODS_PODFILE_DIR_PATH}/Podfile.lock\" \"${PODS_ROOT}/Manifest.lock\" > /dev/null\nif [ $? != 0 ] ; then\n    # print error to STDERR\n    echo \"error: The sandbox is not in sync with the Podfile.lock. Run 'pod install' or update your CocoaPods installation.\" >&2\n    exit 1\nfi\n# This output is used by Xcode 'outputs' to avoid re-running this script phase.\necho \"SUCCESS\" > \"${SCRIPT_OUTPUT_FILE_0}\"\n";
			showEnvVarsInLog = 0;
		};
/* End PBXShellScriptBuildPhase section */

/* Begin PBXSourcesBuildPhase section */
		8102C49322C4D80E0043EE66 /* Sources */ = {
			isa = PBXSourcesBuildPhase;
			buildActionMask = 2147483647;
			files = (
				8102C4D422C535DB0043EE66 /* UserDefaultValue.swift in Sources */,
				4047485222E5F8C70056B1F1 /* IngredientsObject.swift in Sources */,
				8102C4CF22C4E29C0043EE66 /* Meal.swift in Sources */,
				8102C4D722C5361A0043EE66 /* MealObject.swift in Sources */,
				8102C49B22C4D80E0043EE66 /* AppDelegate.swift in Sources */,
				8102C4D122C4E4A90043EE66 /* Ingredient.swift in Sources */,
				8102C49D22C4D80E0043EE66 /* SceneDelegate.swift in Sources */,
				8102C49F22C4D80E0043EE66 /* ContentView.swift in Sources */,
				8102C4CC22C4DAEF0043EE66 /* DetailMealView.swift in Sources */,
			);
			runOnlyForDeploymentPostprocessing = 0;
		};
		8102C4A922C4D8110043EE66 /* Sources */ = {
			isa = PBXSourcesBuildPhase;
			buildActionMask = 2147483647;
			files = (
				8102C4B222C4D8110043EE66 /* YumYumTests.swift in Sources */,
			);
			runOnlyForDeploymentPostprocessing = 0;
		};
		8102C4B422C4D8110043EE66 /* Sources */ = {
			isa = PBXSourcesBuildPhase;
			buildActionMask = 2147483647;
			files = (
				8102C4BD22C4D8110043EE66 /* YumYumUITests.swift in Sources */,
			);
			runOnlyForDeploymentPostprocessing = 0;
		};
/* End PBXSourcesBuildPhase section */

/* Begin PBXTargetDependency section */
		8102C4AF22C4D8110043EE66 /* PBXTargetDependency */ = {
			isa = PBXTargetDependency;
			target = 8102C49622C4D80E0043EE66 /* YumYum */;
			targetProxy = 8102C4AE22C4D8110043EE66 /* PBXContainerItemProxy */;
		};
		8102C4BA22C4D8110043EE66 /* PBXTargetDependency */ = {
			isa = PBXTargetDependency;
			target = 8102C49622C4D80E0043EE66 /* YumYum */;
			targetProxy = 8102C4B922C4D8110043EE66 /* PBXContainerItemProxy */;
		};
/* End PBXTargetDependency section */

/* Begin PBXVariantGroup section */
		8102C4A522C4D8110043EE66 /* LaunchScreen.storyboard */ = {
			isa = PBXVariantGroup;
			children = (
				8102C4A622C4D8110043EE66 /* Base */,
			);
			name = LaunchScreen.storyboard;
			sourceTree = "<group>";
		};
/* End PBXVariantGroup section */

/* Begin XCBuildConfiguration section */
		8102C4BF22C4D8110043EE66 /* Debug */ = {
			isa = XCBuildConfiguration;
			buildSettings = {
				ALWAYS_SEARCH_USER_PATHS = NO;
				CLANG_ANALYZER_NONNULL = YES;
				CLANG_ANALYZER_NUMBER_OBJECT_CONVERSION = YES_AGGRESSIVE;
				CLANG_CXX_LANGUAGE_STANDARD = "gnu++14";
				CLANG_CXX_LIBRARY = "libc++";
				CLANG_ENABLE_MODULES = YES;
				CLANG_ENABLE_OBJC_ARC = YES;
				CLANG_ENABLE_OBJC_WEAK = YES;
				CLANG_WARN_BLOCK_CAPTURE_AUTORELEASING = YES;
				CLANG_WARN_BOOL_CONVERSION = YES;
				CLANG_WARN_COMMA = YES;
				CLANG_WARN_CONSTANT_CONVERSION = YES;
				CLANG_WARN_DEPRECATED_OBJC_IMPLEMENTATIONS = YES;
				CLANG_WARN_DIRECT_OBJC_ISA_USAGE = YES_ERROR;
				CLANG_WARN_DOCUMENTATION_COMMENTS = YES;
				CLANG_WARN_EMPTY_BODY = YES;
				CLANG_WARN_ENUM_CONVERSION = YES;
				CLANG_WARN_INFINITE_RECURSION = YES;
				CLANG_WARN_INT_CONVERSION = YES;
				CLANG_WARN_NON_LITERAL_NULL_CONVERSION = YES;
				CLANG_WARN_OBJC_IMPLICIT_RETAIN_SELF = YES;
				CLANG_WARN_OBJC_LITERAL_CONVERSION = YES;
				CLANG_WARN_OBJC_ROOT_CLASS = YES_ERROR;
				CLANG_WARN_RANGE_LOOP_ANALYSIS = YES;
				CLANG_WARN_STRICT_PROTOTYPES = YES;
				CLANG_WARN_SUSPICIOUS_MOVE = YES;
				CLANG_WARN_UNGUARDED_AVAILABILITY = YES_AGGRESSIVE;
				CLANG_WARN_UNREACHABLE_CODE = YES;
				CLANG_WARN__DUPLICATE_METHOD_MATCH = YES;
				COPY_PHASE_STRIP = NO;
				DEBUG_INFORMATION_FORMAT = dwarf;
				ENABLE_STRICT_OBJC_MSGSEND = YES;
				ENABLE_TESTABILITY = YES;
				GCC_C_LANGUAGE_STANDARD = gnu11;
				GCC_DYNAMIC_NO_PIC = NO;
				GCC_NO_COMMON_BLOCKS = YES;
				GCC_OPTIMIZATION_LEVEL = 0;
				GCC_PREPROCESSOR_DEFINITIONS = (
					"DEBUG=1",
					"$(inherited)",
				);
				GCC_WARN_64_TO_32_BIT_CONVERSION = YES;
				GCC_WARN_ABOUT_RETURN_TYPE = YES_ERROR;
				GCC_WARN_UNDECLARED_SELECTOR = YES;
				GCC_WARN_UNINITIALIZED_AUTOS = YES_AGGRESSIVE;
				GCC_WARN_UNUSED_FUNCTION = YES;
				GCC_WARN_UNUSED_VARIABLE = YES;
				IPHONEOS_DEPLOYMENT_TARGET = 13.0;
				MTL_ENABLE_DEBUG_INFO = INCLUDE_SOURCE;
				MTL_FAST_MATH = YES;
				ONLY_ACTIVE_ARCH = YES;
				SDKROOT = iphoneos;
				SWIFT_ACTIVE_COMPILATION_CONDITIONS = DEBUG;
				SWIFT_OPTIMIZATION_LEVEL = "-Onone";
			};
			name = Debug;
		};
		8102C4C022C4D8110043EE66 /* Release */ = {
			isa = XCBuildConfiguration;
			buildSettings = {
				ALWAYS_SEARCH_USER_PATHS = NO;
				CLANG_ANALYZER_NONNULL = YES;
				CLANG_ANALYZER_NUMBER_OBJECT_CONVERSION = YES_AGGRESSIVE;
				CLANG_CXX_LANGUAGE_STANDARD = "gnu++14";
				CLANG_CXX_LIBRARY = "libc++";
				CLANG_ENABLE_MODULES = YES;
				CLANG_ENABLE_OBJC_ARC = YES;
				CLANG_ENABLE_OBJC_WEAK = YES;
				CLANG_WARN_BLOCK_CAPTURE_AUTORELEASING = YES;
				CLANG_WARN_BOOL_CONVERSION = YES;
				CLANG_WARN_COMMA = YES;
				CLANG_WARN_CONSTANT_CONVERSION = YES;
				CLANG_WARN_DEPRECATED_OBJC_IMPLEMENTATIONS = YES;
				CLANG_WARN_DIRECT_OBJC_ISA_USAGE = YES_ERROR;
				CLANG_WARN_DOCUMENTATION_COMMENTS = YES;
				CLANG_WARN_EMPTY_BODY = YES;
				CLANG_WARN_ENUM_CONVERSION = YES;
				CLANG_WARN_INFINITE_RECURSION = YES;
				CLANG_WARN_INT_CONVERSION = YES;
				CLANG_WARN_NON_LITERAL_NULL_CONVERSION = YES;
				CLANG_WARN_OBJC_IMPLICIT_RETAIN_SELF = YES;
				CLANG_WARN_OBJC_LITERAL_CONVERSION = YES;
				CLANG_WARN_OBJC_ROOT_CLASS = YES_ERROR;
				CLANG_WARN_RANGE_LOOP_ANALYSIS = YES;
				CLANG_WARN_STRICT_PROTOTYPES = YES;
				CLANG_WARN_SUSPICIOUS_MOVE = YES;
				CLANG_WARN_UNGUARDED_AVAILABILITY = YES_AGGRESSIVE;
				CLANG_WARN_UNREACHABLE_CODE = YES;
				CLANG_WARN__DUPLICATE_METHOD_MATCH = YES;
				COPY_PHASE_STRIP = NO;
				DEBUG_INFORMATION_FORMAT = "dwarf-with-dsym";
				ENABLE_NS_ASSERTIONS = NO;
				ENABLE_STRICT_OBJC_MSGSEND = YES;
				GCC_C_LANGUAGE_STANDARD = gnu11;
				GCC_NO_COMMON_BLOCKS = YES;
				GCC_WARN_64_TO_32_BIT_CONVERSION = YES;
				GCC_WARN_ABOUT_RETURN_TYPE = YES_ERROR;
				GCC_WARN_UNDECLARED_SELECTOR = YES;
				GCC_WARN_UNINITIALIZED_AUTOS = YES_AGGRESSIVE;
				GCC_WARN_UNUSED_FUNCTION = YES;
				GCC_WARN_UNUSED_VARIABLE = YES;
				IPHONEOS_DEPLOYMENT_TARGET = 13.0;
				MTL_ENABLE_DEBUG_INFO = NO;
				MTL_FAST_MATH = YES;
				SDKROOT = iphoneos;
				SWIFT_COMPILATION_MODE = wholemodule;
				SWIFT_OPTIMIZATION_LEVEL = "-O";
				VALIDATE_PRODUCT = YES;
			};
			name = Release;
		};
		8102C4C222C4D8110043EE66 /* Debug */ = {
			isa = XCBuildConfiguration;
			baseConfigurationReference = FD5212230DBC1429DD7F0759 /* Pods-YumYum.debug.xcconfig */;
			buildSettings = {
				ASSETCATALOG_COMPILER_APPICON_NAME = AppIcon;
				CODE_SIGN_STYLE = Automatic;
				DEVELOPMENT_ASSET_PATHS = "YumYum/Preview\\ Content";
				DEVELOPMENT_TEAM = 6Y9C574C9M;
				ENABLE_PREVIEWS = YES;
				INFOPLIST_FILE = YumYum/Info.plist;
				LD_RUNPATH_SEARCH_PATHS = (
					"$(inherited)",
					"@executable_path/Frameworks",
				);
				PRODUCT_BUNDLE_IDENTIFIER = com.thatsluke.YumYum;
				PRODUCT_NAME = "$(TARGET_NAME)";
				SWIFT_VERSION = 5.0;
				TARGETED_DEVICE_FAMILY = "1,2";
			};
			name = Debug;
		};
		8102C4C322C4D8110043EE66 /* Release */ = {
			isa = XCBuildConfiguration;
			baseConfigurationReference = 6C38D483CD95FCEBDC1F27A5 /* Pods-YumYum.release.xcconfig */;
			buildSettings = {
				ASSETCATALOG_COMPILER_APPICON_NAME = AppIcon;
				CODE_SIGN_STYLE = Automatic;
				DEVELOPMENT_ASSET_PATHS = "YumYum/Preview\\ Content";
				DEVELOPMENT_TEAM = 6Y9C574C9M;
				ENABLE_PREVIEWS = YES;
				INFOPLIST_FILE = YumYum/Info.plist;
				LD_RUNPATH_SEARCH_PATHS = (
					"$(inherited)",
					"@executable_path/Frameworks",
				);
				PRODUCT_BUNDLE_IDENTIFIER = com.thatsluke.YumYum;
				PRODUCT_NAME = "$(TARGET_NAME)";
				SWIFT_VERSION = 5.0;
				TARGETED_DEVICE_FAMILY = "1,2";
			};
			name = Release;
		};
		8102C4C522C4D8110043EE66 /* Debug */ = {
			isa = XCBuildConfiguration;
			baseConfigurationReference = 5F34AAD56C33E131E83B9524 /* Pods-YumYumTests.debug.xcconfig */;
			buildSettings = {
				ALWAYS_EMBED_SWIFT_STANDARD_LIBRARIES = YES;
				BUNDLE_LOADER = "$(TEST_HOST)";
				CODE_SIGN_STYLE = Automatic;
				DEVELOPMENT_TEAM = 6Y9C574C9M;
				INFOPLIST_FILE = YumYumTests/Info.plist;
				LD_RUNPATH_SEARCH_PATHS = (
					"$(inherited)",
					"@executable_path/Frameworks",
					"@loader_path/Frameworks",
				);
				PRODUCT_BUNDLE_IDENTIFIER = com.thatsluke.YumYumTests;
				PRODUCT_NAME = "$(TARGET_NAME)";
				SWIFT_VERSION = 5.0;
				TARGETED_DEVICE_FAMILY = "1,2";
				TEST_HOST = "$(BUILT_PRODUCTS_DIR)/YumYum.app/YumYum";
			};
			name = Debug;
		};
		8102C4C622C4D8110043EE66 /* Release */ = {
			isa = XCBuildConfiguration;
			baseConfigurationReference = EC476E85B53CF7FDC38A59E0 /* Pods-YumYumTests.release.xcconfig */;
			buildSettings = {
				ALWAYS_EMBED_SWIFT_STANDARD_LIBRARIES = YES;
				BUNDLE_LOADER = "$(TEST_HOST)";
				CODE_SIGN_STYLE = Automatic;
				DEVELOPMENT_TEAM = 6Y9C574C9M;
				INFOPLIST_FILE = YumYumTests/Info.plist;
				LD_RUNPATH_SEARCH_PATHS = (
					"$(inherited)",
					"@executable_path/Frameworks",
					"@loader_path/Frameworks",
				);
				PRODUCT_BUNDLE_IDENTIFIER = com.thatsluke.YumYumTests;
				PRODUCT_NAME = "$(TARGET_NAME)";
				SWIFT_VERSION = 5.0;
				TARGETED_DEVICE_FAMILY = "1,2";
				TEST_HOST = "$(BUILT_PRODUCTS_DIR)/YumYum.app/YumYum";
			};
			name = Release;
		};
		8102C4C822C4D8110043EE66 /* Debug */ = {
			isa = XCBuildConfiguration;
			baseConfigurationReference = 12ADC4EE96C5696856ED2221 /* Pods-YumYumUITests.debug.xcconfig */;
			buildSettings = {
				ALWAYS_EMBED_SWIFT_STANDARD_LIBRARIES = YES;
				CODE_SIGN_STYLE = Automatic;
				DEVELOPMENT_TEAM = 6Y9C574C9M;
				INFOPLIST_FILE = YumYumUITests/Info.plist;
				LD_RUNPATH_SEARCH_PATHS = (
					"$(inherited)",
					"@executable_path/Frameworks",
					"@loader_path/Frameworks",
				);
				PRODUCT_BUNDLE_IDENTIFIER = com.thatsluke.YumYumUITests;
				PRODUCT_NAME = "$(TARGET_NAME)";
				SWIFT_VERSION = 5.0;
				TARGETED_DEVICE_FAMILY = "1,2";
				TEST_TARGET_NAME = YumYum;
			};
			name = Debug;
		};
		8102C4C922C4D8110043EE66 /* Release */ = {
			isa = XCBuildConfiguration;
			baseConfigurationReference = DC8D48C96D1DE59EFE845505 /* Pods-YumYumUITests.release.xcconfig */;
			buildSettings = {
				ALWAYS_EMBED_SWIFT_STANDARD_LIBRARIES = YES;
				CODE_SIGN_STYLE = Automatic;
				DEVELOPMENT_TEAM = 6Y9C574C9M;
				INFOPLIST_FILE = YumYumUITests/Info.plist;
				LD_RUNPATH_SEARCH_PATHS = (
					"$(inherited)",
					"@executable_path/Frameworks",
					"@loader_path/Frameworks",
				);
				PRODUCT_BUNDLE_IDENTIFIER = com.thatsluke.YumYumUITests;
				PRODUCT_NAME = "$(TARGET_NAME)";
				SWIFT_VERSION = 5.0;
				TARGETED_DEVICE_FAMILY = "1,2";
				TEST_TARGET_NAME = YumYum;
			};
			name = Release;
		};
/* End XCBuildConfiguration section */

/* Begin XCConfigurationList section */
		8102C49222C4D80E0043EE66 /* Build configuration list for PBXProject "YumYum" */ = {
			isa = XCConfigurationList;
			buildConfigurations = (
				8102C4BF22C4D8110043EE66 /* Debug */,
				8102C4C022C4D8110043EE66 /* Release */,
			);
			defaultConfigurationIsVisible = 0;
			defaultConfigurationName = Release;
		};
		8102C4C122C4D8110043EE66 /* Build configuration list for PBXNativeTarget "YumYum" */ = {
			isa = XCConfigurationList;
			buildConfigurations = (
				8102C4C222C4D8110043EE66 /* Debug */,
				8102C4C322C4D8110043EE66 /* Release */,
			);
			defaultConfigurationIsVisible = 0;
			defaultConfigurationName = Release;
		};
		8102C4C422C4D8110043EE66 /* Build configuration list for PBXNativeTarget "YumYumTests" */ = {
			isa = XCConfigurationList;
			buildConfigurations = (
				8102C4C522C4D8110043EE66 /* Debug */,
				8102C4C622C4D8110043EE66 /* Release */,
			);
			defaultConfigurationIsVisible = 0;
			defaultConfigurationName = Release;
		};
		8102C4C722C4D8110043EE66 /* Build configuration list for PBXNativeTarget "YumYumUITests" */ = {
			isa = XCConfigurationList;
			buildConfigurations = (
				8102C4C822C4D8110043EE66 /* Debug */,
				8102C4C922C4D8110043EE66 /* Release */,
			);
			defaultConfigurationIsVisible = 0;
			defaultConfigurationName = Release;
		};
/* End XCConfigurationList section */
	};
	rootObject = 8102C48F22C4D80E0043EE66 /* Project object */;
}
